
Microsoft Visual Studio Solution File, Format Version 11.00
# Visual Studio 2010
Project("{FAE04EC0-301F-11D3-BF4B-00C04F79EFBC}") = "Hi.UnInstall", "Hi.UnInstall\Hi.UnInstall.csproj", "{0D3E6222-90D5-47E5-A6DE-5AAF140A4BC7}"
EndProject
Project("{FAE04EC0-301F-11D3-BF4B-00C04F79EFBC}") = "Hi.BLL", "Hi.BLL\Hi.BLL.csproj", "{BB837660-FA68-47B8-B099-97A4977DAFD8}"
EndProject
Project("{FAE04EC0-301F-11D3-BF4B-00C04F79EFBC}") = "Hi.Model", "Hi.Model\Hi.Model.csproj", "{16A24E46-1FDA-4AF1-8B46-C0C68813409A}"
EndProject
Project("{FAE04EC0-301F-11D3-BF4B-00C04F79EFBC}") = "Hi.IDAL", "Hi.IDAL\Hi.IDAL.csproj", "{4BA1CCE4-9A6F-4C2A-8B9C-338EFC5149D5}"
EndProject
Project("{FAE04EC0-301F-11D3-BF4B-00C04F79EFBC}") = "Hi.DALFactory", "Hi.DALFactory\Hi.DALFactory.csproj", "{3C7B6992-D4B2-4309-9DA6-4048BADD89D3}"
EndProject
Project("{FAE04EC0-301F-11D3-BF4B-00C04F79EFBC}") = "Hi.Remoting.Common", "Hi.Remoting.Common\Hi.Remoting.Common.csproj", "{2860B404-2AB5-46E1-AF11-FFD0962379D2}"
EndProject
Project("{2150E333-8FDC-42A3-9474-1A3956D46DE8}") = "帮助文档", "帮助文档", "{F1048566-F251-4822-915B-F786A021DDD3}"
EndProject
Project("{2150E333-8FDC-42A3-9474-1A3956D46DE8}") = "依赖类库", "依赖类库", "{A07C05F1-C6CE-4327-BF2C-170192DE238C}"
	ProjectSection(SolutionItems) = preProject
		lib\Helper.Code.Create.dll = lib\Helper.Code.Create.dll
		lib\Hi.Common.dll = lib\Hi.Common.dll
		lib\Hi.UserControlEx.dll = lib\Hi.UserControlEx.dll
		lib\Hi.Winform.dll = lib\Hi.Winform.dll
		lib\ICSharpCode.SharpZipLib.dll = lib\ICSharpCode.SharpZipLib.dll
		lib\ICSharpCode.TextEditor.dll = lib\ICSharpCode.TextEditor.dll
		lib\Interop.Excel.dll = lib\Interop.Excel.dll
		lib\Interop.MSXML2.dll = lib\Interop.MSXML2.dll
		lib\Interop.Word.dll = lib\Interop.Word.dll
		lib\IrisSkin2.dll = lib\IrisSkin2.dll
		lib\Microsoft.Vbe.Interop.dll = lib\Microsoft.Vbe.Interop.dll
		lib\MySql.Data.dll = lib\MySql.Data.dll
		lib\office.dll = lib\office.dll
		lib\QCTextEditor.dll = lib\QCTextEditor.dll
		lib\System.Data.SQLite.dll = lib\System.Data.SQLite.dll
		lib\Update.exe = lib\Update.exe
	EndProjectSection
EndProject
Project("{2150E333-8FDC-42A3-9474-1A3956D46DE8}") = "数据库文档", "数据库文档", "{AC90ABF8-8463-4927-BA9B-2E9D65268AC3}"
	ProjectSection(SolutionItems) = preProject
		数据库\Data\data.mdb = 数据库\Data\data.mdb
	EndProjectSection
EndProject
Project("{2150E333-8FDC-42A3-9474-1A3956D46DE8}") = "skin", "skin", "{645AD7C2-1ADF-4980-86FF-506A72F3B05C}"
	ProjectSection(SolutionItems) = preProject
		lib\RealOne.ssk = lib\RealOne.ssk
	EndProjectSection
EndProject
Project("{FAE04EC0-301F-11D3-BF4B-00C04F79EFBC}") = "Hi.DAL.Access", "Hi.DAL.Access\Hi.DAL.Access.csproj", "{ED7FFFBD-DFE5-41DC-9B76-7E61356925D4}"
EndProject
Project("{FAE04EC0-301F-11D3-BF4B-00C04F79EFBC}") = "Hi.DAL.MsSql", "Hi.DAL.MsSql\Hi.DAL.MsSql.csproj", "{FD0B2583-EE5C-4810-9323-700B9B508EEB}"
EndProject
Project("{FAE04EC0-301F-11D3-BF4B-00C04F79EFBC}") = "Hi.ConsoleTest", "Hi.ControlTest\Hi.ConsoleTest.csproj", "{32609CCF-A067-4534-8E79-BB5F19BFEFF0}"
EndProject
Project("{FAE04EC0-301F-11D3-BF4B-00C04F79EFBC}") = "Hi.Remoting.BLL", "Hi.Remoting.BLL\Hi.Remoting.BLL.csproj", "{274862A9-2FD7-408C-A6AA-FC5848D0B5EB}"
EndProject
Project("{FAE04EC0-301F-11D3-BF4B-00C04F79EFBC}") = "Hi.Client", "Hi.Client\Hi.Client.csproj", "{3726B4B9-A15F-4582-B7C9-D658A8076872}"
EndProject
Project("{FAE04EC0-301F-11D3-BF4B-00C04F79EFBC}") = "Hi.IBLL", "Hi.IBLL\Hi.IBLL.csproj", "{E9BA6135-33B4-4C59-B213-F5B6BEFFF50F}"
EndProject
Project("{FAE04EC0-301F-11D3-BF4B-00C04F79EFBC}") = "Hi.DAL.Oralce", "Hi.DAL.Oracle\Hi.DAL.Oralce.csproj", "{DE308406-9E68-4869-98ED-D5D07DBAB5A1}"
EndProject
Project("{2150E333-8FDC-42A3-9474-1A3956D46DE8}") = "Trail", "Trail", "{16370F23-781E-45FD-A0A8-922362F35DFF}"
EndProject
Project("{2150E333-8FDC-42A3-9474-1A3956D46DE8}") = "Break", "Break", "{7415939F-5964-4521-BAE7-A50F03BCE0E2}"
EndProject
Project("{2150E333-8FDC-42A3-9474-1A3956D46DE8}") = "Jose", "Jose", "{70313560-4910-4AEA-A88F-23A653B17D91}"
EndProject
Project("{2150E333-8FDC-42A3-9474-1A3956D46DE8}") = "Main", "Main", "{11066313-498C-40D9-9AE6-BA60EE45455C}"
EndProject
Project("{2150E333-8FDC-42A3-9474-1A3956D46DE8}") = "Model", "Model", "{5EA87B01-229C-4B1F-8936-4AB0CE4E7372}"
EndProject
Global
	GlobalSection(SolutionConfigurationPlatforms) = preSolution
		Debug|Any CPU = Debug|Any CPU
		Debug|Mixed Platforms = Debug|Mixed Platforms
		Debug|x86 = Debug|x86
		Release|Any CPU = Release|Any CPU
		Release|Mixed Platforms = Release|Mixed Platforms
		Release|x86 = Release|x86
	EndGlobalSection
	GlobalSection(ProjectConfigurationPlatforms) = postSolution
		{0D3E6222-90D5-47E5-A6DE-5AAF140A4BC7}.Debug|Any CPU.ActiveCfg = Debug|Any CPU
		{0D3E6222-90D5-47E5-A6DE-5AAF140A4BC7}.Debug|Any CPU.Build.0 = Debug|Any CPU
		{0D3E6222-90D5-47E5-A6DE-5AAF140A4BC7}.Debug|Mixed Platforms.ActiveCfg = Debug|x86
		{0D3E6222-90D5-47E5-A6DE-5AAF140A4BC7}.Debug|Mixed Platforms.Build.0 = Debug|x86
		{0D3E6222-90D5-47E5-A6DE-5AAF140A4BC7}.Debug|x86.ActiveCfg = Debug|Any CPU
		{0D3E6222-90D5-47E5-A6DE-5AAF140A4BC7}.Release|Any CPU.ActiveCfg = Release|Any CPU
		{0D3E6222-90D5-47E5-A6DE-5AAF140A4BC7}.Release|Any CPU.Build.0 = Release|Any CPU
		{0D3E6222-90D5-47E5-A6DE-5AAF140A4BC7}.Release|Mixed Platforms.ActiveCfg = Release|Any CPU
		{0D3E6222-90D5-47E5-A6DE-5AAF140A4BC7}.Release|Mixed Platforms.Build.0 = Release|Any CPU
		{0D3E6222-90D5-47E5-A6DE-5AAF140A4BC7}.Release|x86.ActiveCfg = Release|Any CPU
		{BB837660-FA68-47B8-B099-97A4977DAFD8}.Debug|Any CPU.ActiveCfg = Debug|Any CPU
		{BB837660-FA68-47B8-B099-97A4977DAFD8}.Debug|Any CPU.Build.0 = Debug|Any CPU
		{BB837660-FA68-47B8-B099-97A4977DAFD8}.Debug|Mixed Platforms.ActiveCfg = Debug|x86
		{BB837660-FA68-47B8-B099-97A4977DAFD8}.Debug|Mixed Platforms.Build.0 = Debug|x86
		{BB837660-FA68-47B8-B099-97A4977DAFD8}.Debug|x86.ActiveCfg = Debug|Any CPU
		{BB837660-FA68-47B8-B099-97A4977DAFD8}.Release|Any CPU.ActiveCfg = Release|Any CPU
		{BB837660-FA68-47B8-B099-97A4977DAFD8}.Release|Any CPU.Build.0 = Release|Any CPU
		{BB837660-FA68-47B8-B099-97A4977DAFD8}.Release|Mixed Platforms.ActiveCfg = Release|Any CPU
		{BB837660-FA68-47B8-B099-97A4977DAFD8}.Release|Mixed Platforms.Build.0 = Release|Any CPU
		{BB837660-FA68-47B8-B099-97A4977DAFD8}.Release|x86.ActiveCfg = Release|Any CPU
		{16A24E46-1FDA-4AF1-8B46-C0C68813409A}.Debug|Any CPU.ActiveCfg = Debug|Any CPU
		{16A24E46-1FDA-4AF1-8B46-C0C68813409A}.Debug|Any CPU.Build.0 = Debug|Any CPU
		{16A24E46-1FDA-4AF1-8B46-C0C68813409A}.Debug|Mixed Platforms.ActiveCfg = Debug|x86
		{16A24E46-1FDA-4AF1-8B46-C0C68813409A}.Debug|Mixed Platforms.Build.0 = Debug|x86
		{16A24E46-1FDA-4AF1-8B46-C0C68813409A}.Debug|x86.ActiveCfg = Debug|Any CPU
		{16A24E46-1FDA-4AF1-8B46-C0C68813409A}.Release|Any CPU.ActiveCfg = Release|Any CPU
		{16A24E46-1FDA-4AF1-8B46-C0C68813409A}.Release|Any CPU.Build.0 = Release|Any CPU
		{16A24E46-1FDA-4AF1-8B46-C0C68813409A}.Release|Mixed Platforms.ActiveCfg = Release|Any CPU
		{16A24E46-1FDA-4AF1-8B46-C0C68813409A}.Release|Mixed Platforms.Build.0 = Release|Any CPU
		{16A24E46-1FDA-4AF1-8B46-C0C68813409A}.Release|x86.ActiveCfg = Release|Any CPU
		{4BA1CCE4-9A6F-4C2A-8B9C-338EFC5149D5}.Debug|Any CPU.ActiveCfg = Debug|Any CPU
		{4BA1CCE4-9A6F-4C2A-8B9C-338EFC5149D5}.Debug|Any CPU.Build.0 = Debug|Any CPU
		{4BA1CCE4-9A6F-4C2A-8B9C-338EFC5149D5}.Debug|Mixed Platforms.ActiveCfg = Debug|x86
		{4BA1CCE4-9A6F-4C2A-8B9C-338EFC5149D5}.Debug|Mixed Platforms.Build.0 = Debug|x86
		{4BA1CCE4-9A6F-4C2A-8B9C-338EFC5149D5}.Debug|x86.ActiveCfg = Debug|Any CPU
		{4BA1CCE4-9A6F-4C2A-8B9C-338EFC5149D5}.Release|Any CPU.ActiveCfg = Release|Any CPU
		{4BA1CCE4-9A6F-4C2A-8B9C-338EFC5149D5}.Release|Any CPU.Build.0 = Release|Any CPU
		{4BA1CCE4-9A6F-4C2A-8B9C-338EFC5149D5}.Release|Mixed Platforms.ActiveCfg = Release|Any CPU
		{4BA1CCE4-9A6F-4C2A-8B9C-338EFC5149D5}.Release|Mixed Platforms.Build.0 = Release|Any CPU
		{4BA1CCE4-9A6F-4C2A-8B9C-338EFC5149D5}.Release|x86.ActiveCfg = Release|Any CPU
		{3C7B6992-D4B2-4309-9DA6-4048BADD89D3}.Debug|Any CPU.ActiveCfg = Debug|Any CPU
		{3C7B6992-D4B2-4309-9DA6-4048BADD89D3}.Debug|Any CPU.Build.0 = Debug|Any CPU
		{3C7B6992-D4B2-4309-9DA6-4048BADD89D3}.Debug|Mixed Platforms.ActiveCfg = Debug|x86
		{3C7B6992-D4B2-4309-9DA6-4048BADD89D3}.Debug|Mixed Platforms.Build.0 = Debug|x86
		{3C7B6992-D4B2-4309-9DA6-4048BADD89D3}.Debug|x86.ActiveCfg = Debug|Any CPU
		{3C7B6992-D4B2-4309-9DA6-4048BADD89D3}.Release|Any CPU.ActiveCfg = Release|Any CPU
		{3C7B6992-D4B2-4309-9DA6-4048BADD89D3}.Release|Any CPU.Build.0 = Release|Any CPU
		{3C7B6992-D4B2-4309-9DA6-4048BADD89D3}.Release|Mixed Platforms.ActiveCfg = Release|Any CPU
		{3C7B6992-D4B2-4309-9DA6-4048BADD89D3}.Release|Mixed Platforms.Build.0 = Release|Any CPU
		{3C7B6992-D4B2-4309-9DA6-4048BADD89D3}.Release|x86.ActiveCfg = Release|Any CPU
		{2860B404-2AB5-46E1-AF11-FFD0962379D2}.Debug|Any CPU.ActiveCfg = Debug|Any CPU
		{2860B404-2AB5-46E1-AF11-FFD0962379D2}.Debug|Any CPU.Build.0 = Debug|Any CPU
		{2860B404-2AB5-46E1-AF11-FFD0962379D2}.Debug|Mixed Platforms.ActiveCfg = Debug|x86
		{2860B404-2AB5-46E1-AF11-FFD0962379D2}.Debug|Mixed Platforms.Build.0 = Debug|x86
		{2860B404-2AB5-46E1-AF11-FFD0962379D2}.Debug|x86.ActiveCfg = Debug|Any CPU
		{2860B404-2AB5-46E1-AF11-FFD0962379D2}.Release|Any CPU.ActiveCfg = Release|Any CPU
		{2860B404-2AB5-46E1-AF11-FFD0962379D2}.Release|Any CPU.Build.0 = Release|Any CPU
		{2860B404-2AB5-46E1-AF11-FFD0962379D2}.Release|Mixed Platforms.ActiveCfg = Release|Any CPU
		{2860B404-2AB5-46E1-AF11-FFD0962379D2}.Release|Mixed Platforms.Build.0 = Release|Any CPU
		{2860B404-2AB5-46E1-AF11-FFD0962379D2}.Release|x86.ActiveCfg = Release|Any CPU
		{ED7FFFBD-DFE5-41DC-9B76-7E61356925D4}.Debug|Any CPU.ActiveCfg = Debug|Any CPU
		{ED7FFFBD-DFE5-41DC-9B76-7E61356925D4}.Debug|Any CPU.Build.0 = Debug|Any CPU
		{ED7FFFBD-DFE5-41DC-9B76-7E61356925D4}.Debug|Mixed Platforms.ActiveCfg = Debug|x86
		{ED7FFFBD-DFE5-41DC-9B76-7E61356925D4}.Debug|Mixed Platforms.Build.0 = Debug|x86
		{ED7FFFBD-DFE5-41DC-9B76-7E61356925D4}.Debug|x86.ActiveCfg = Debug|Any CPU
		{ED7FFFBD-DFE5-41DC-9B76-7E61356925D4}.Release|Any CPU.ActiveCfg = Release|Any CPU
		{ED7FFFBD-DFE5-41DC-9B76-7E61356925D4}.Release|Any CPU.Build.0 = Release|Any CPU
		{ED7FFFBD-DFE5-41DC-9B76-7E61356925D4}.Release|Mixed Platforms.ActiveCfg = Release|Any CPU
		{ED7FFFBD-DFE5-41DC-9B76-7E61356925D4}.Release|Mixed Platforms.Build.0 = Release|Any CPU
		{ED7FFFBD-DFE5-41DC-9B76-7E61356925D4}.Release|x86.ActiveCfg = Release|Any CPU
		{FD0B2583-EE5C-4810-9323-700B9B508EEB}.Debug|Any CPU.ActiveCfg = Debug|Any CPU
		{FD0B2583-EE5C-4810-9323-700B9B508EEB}.Debug|Any CPU.Build.0 = Debug|Any CPU
		{FD0B2583-EE5C-4810-9323-700B9B508EEB}.Debug|Mixed Platforms.ActiveCfg = Debug|x86
		{FD0B2583-EE5C-4810-9323-700B9B508EEB}.Debug|Mixed Platforms.Build.0 = Debug|x86
		{FD0B2583-EE5C-4810-9323-700B9B508EEB}.Debug|x86.ActiveCfg = Debug|Any CPU
		{FD0B2583-EE5C-4810-9323-700B9B508EEB}.Release|Any CPU.ActiveCfg = Release|Any CPU
		{FD0B2583-EE5C-4810-9323-700B9B508EEB}.Release|Any CPU.Build.0 = Release|Any CPU
		{FD0B2583-EE5C-4810-9323-700B9B508EEB}.Release|Mixed Platforms.ActiveCfg = Release|Any CPU
		{FD0B2583-EE5C-4810-9323-700B9B508EEB}.Release|Mixed Platforms.Build.0 = Release|Any CPU
		{FD0B2583-EE5C-4810-9323-700B9B508EEB}.Release|x86.ActiveCfg = Release|Any CPU
		{32609CCF-A067-4534-8E79-BB5F19BFEFF0}.Debug|Any CPU.ActiveCfg = Debug|x86
		{32609CCF-A067-4534-8E79-BB5F19BFEFF0}.Debug|Mixed Platforms.ActiveCfg = Debug|x86
		{32609CCF-A067-4534-8E79-BB5F19BFEFF0}.Debug|Mixed Platforms.Build.0 = Debug|x86
		{32609CCF-A067-4534-8E79-BB5F19BFEFF0}.Debug|x86.ActiveCfg = Debug|x86
		{32609CCF-A067-4534-8E79-BB5F19BFEFF0}.Debug|x86.Build.0 = Debug|x86
		{32609CCF-A067-4534-8E79-BB5F19BFEFF0}.Release|Any CPU.ActiveCfg = Release|x86
		{32609CCF-A067-4534-8E79-BB5F19BFEFF0}.Release|Mixed Platforms.ActiveCfg = Release|x86
		{32609CCF-A067-4534-8E79-BB5F19BFEFF0}.Release|Mixed Platforms.Build.0 = Release|x86
		{32609CCF-A067-4534-8E79-BB5F19BFEFF0}.Release|x86.ActiveCfg = Release|x86
		{32609CCF-A067-4534-8E79-BB5F19BFEFF0}.Release|x86.Build.0 = Release|x86
		{274862A9-2FD7-408C-A6AA-FC5848D0B5EB}.Debug|Any CPU.ActiveCfg = Debug|Any CPU
		{274862A9-2FD7-408C-A6AA-FC5848D0B5EB}.Debug|Any CPU.Build.0 = Debug|Any CPU
		{274862A9-2FD7-408C-A6AA-FC5848D0B5EB}.Debug|Mixed Platforms.ActiveCfg = Debug|x86
		{274862A9-2FD7-408C-A6AA-FC5848D0B5EB}.Debug|Mixed Platforms.Build.0 = Debug|x86
		{274862A9-2FD7-408C-A6AA-FC5848D0B5EB}.Debug|x86.ActiveCfg = Debug|Any CPU
		{274862A9-2FD7-408C-A6AA-FC5848D0B5EB}.Release|Any CPU.ActiveCfg = Release|Any CPU
		{274862A9-2FD7-408C-A6AA-FC5848D0B5EB}.Release|Any CPU.Build.0 = Release|Any CPU
		{274862A9-2FD7-408C-A6AA-FC5848D0B5EB}.Release|Mixed Platforms.ActiveCfg = Release|Any CPU
		{274862A9-2FD7-408C-A6AA-FC5848D0B5EB}.Release|Mixed Platforms.Build.0 = Release|Any CPU
		{274862A9-2FD7-408C-A6AA-FC5848D0B5EB}.Release|x86.ActiveCfg = Release|Any CPU
		{3726B4B9-A15F-4582-B7C9-D658A8076872}.Debug|Any CPU.ActiveCfg = Debug|Any CPU
		{3726B4B9-A15F-4582-B7C9-D658A8076872}.Debug|Any CPU.Build.0 = Debug|Any CPU
		{3726B4B9-A15F-4582-B7C9-D658A8076872}.Debug|Mixed Platforms.ActiveCfg = Debug|x86
		{3726B4B9-A15F-4582-B7C9-D658A8076872}.Debug|Mixed Platforms.Build.0 = Debug|x86
		{3726B4B9-A15F-4582-B7C9-D658A8076872}.Debug|x86.ActiveCfg = Debug|Any CPU
		{3726B4B9-A15F-4582-B7C9-D658A8076872}.Release|Any CPU.ActiveCfg = Release|Any CPU
		{3726B4B9-A15F-4582-B7C9-D658A8076872}.Release|Any CPU.Build.0 = Release|Any CPU
		{3726B4B9-A15F-4582-B7C9-D658A8076872}.Release|Mixed Platforms.ActiveCfg = Release|Any CPU
		{3726B4B9-A15F-4582-B7C9-D658A8076872}.Release|Mixed Platforms.Build.0 = Release|Any CPU
		{3726B4B9-A15F-4582-B7C9-D658A8076872}.Release|x86.ActiveCfg = Release|Any CPU
		{E9BA6135-33B4-4C59-B213-F5B6BEFFF50F}.Debug|Any CPU.ActiveCfg = Debug|Any CPU
		{E9BA6135-33B4-4C59-B213-F5B6BEFFF50F}.Debug|Any CPU.Build.0 = Debug|Any CPU
		{E9BA6135-33B4-4C59-B213-F5B6BEFFF50F}.Debug|Mixed Platforms.ActiveCfg = Debug|x86
		{E9BA6135-33B4-4C59-B213-F5B6BEFFF50F}.Debug|Mixed Platforms.Build.0 = Debug|x86
		{E9BA6135-33B4-4C59-B213-F5B6BEFFF50F}.Debug|x86.ActiveCfg = Debug|Any CPU
		{E9BA6135-33B4-4C59-B213-F5B6BEFFF50F}.Release|Any CPU.ActiveCfg = Release|Any CPU
		{E9BA6135-33B4-4C59-B213-F5B6BEFFF50F}.Release|Any CPU.Build.0 = Release|Any CPU
		{E9BA6135-33B4-4C59-B213-F5B6BEFFF50F}.Release|Mixed Platforms.ActiveCfg = Release|Any CPU
		{E9BA6135-33B4-4C59-B213-F5B6BEFFF50F}.Release|Mixed Platforms.Build.0 = Release|Any CPU
		{E9BA6135-33B4-4C59-B213-F5B6BEFFF50F}.Release|x86.ActiveCfg = Release|Any CPU
		{DE308406-9E68-4869-98ED-D5D07DBAB5A1}.Debug|Any CPU.ActiveCfg = Debug|Any CPU
		{DE308406-9E68-4869-98ED-D5D07DBAB5A1}.Debug|Any CPU.Build.0 = Debug|Any CPU
		{DE308406-9E68-4869-98ED-D5D07DBAB5A1}.Debug|Mixed Platforms.ActiveCfg = Debug|x86
		{DE308406-9E68-4869-98ED-D5D07DBAB5A1}.Debug|Mixed Platforms.Build.0 = Debug|x86
		{DE308406-9E68-4869-98ED-D5D07DBAB5A1}.Debug|x86.ActiveCfg = Debug|Any CPU
		{DE308406-9E68-4869-98ED-D5D07DBAB5A1}.Release|Any CPU.ActiveCfg = Release|Any CPU
		{DE308406-9E68-4869-98ED-D5D07DBAB5A1}.Release|Any CPU.Build.0 = Release|Any CPU
		{DE308406-9E68-4869-98ED-D5D07DBAB5A1}.Release|Mixed Platforms.ActiveCfg = Release|Any CPU
		{DE308406-9E68-4869-98ED-D5D07DBAB5A1}.Release|Mixed Platforms.Build.0 = Release|Any CPU
		{DE308406-9E68-4869-98ED-D5D07DBAB5A1}.Release|x86.ActiveCfg = Release|Any CPU
	EndGlobalSection
	GlobalSection(SolutionProperties) = preSolution
		HideSolutionNode = FALSE
	EndGlobalSection
	GlobalSection(NestedProjects) = preSolution
		{645AD7C2-1ADF-4980-86FF-506A72F3B05C} = {A07C05F1-C6CE-4327-BF2C-170192DE238C}
		{7415939F-5964-4521-BAE7-A50F03BCE0E2} = {16370F23-781E-45FD-A0A8-922362F35DFF}
		{70313560-4910-4AEA-A88F-23A653B17D91} = {16370F23-781E-45FD-A0A8-922362F35DFF}
	EndGlobalSection
	GlobalSection(SubversionScc) = preSolution
		Svn-Managed = True
		Manager = AnkhSVN - Subversion Support for Visual Studio
	EndGlobalSection
EndGlobal
